{
  "version": 4,
  "terraform_version": "1.9.5",
  "serial": 4,
  "lineage": "f85f4ea6-d543-1fa2-710b-561c8f475d0a",
  "outputs": {
    "print_result": {
      "value": 73,
      "type": "number"
    },
    "zones": {
      "value": [
        "us-west-1e",
        "us-west-1a"
      ],
      "type": [
        "list",
        "string"
      ]
    }
  },
  "resources": [
    {
      "mode": "managed",
      "type": "random_integer",
      "name": "random_int_generator",
      "provider": "provider[\"registry.terraform.io/hashicorp/random\"]",
      "instances": [
        {
          "schema_version": 0,
          "attributes": {
            "id": "73",
            "keepers": null,
            "max": 100,
            "min": 5,
            "result": 73,
            "seed": null
          },
          "sensitive_attributes": []
        }
      ]
    },
    {
      "mode": "managed",
      "type": "random_shuffle",
      "name": "zones",
      "provider": "provider[\"registry.terraform.io/hashicorp/random\"]",
      "instances": [
        {
          "schema_version": 0,
          "attributes": {
            "id": "-",
            "input": [
              "us-west-1a",
              "us-west-1c",
              "us-west-1d",
              "us-west-1e"
            ],
            "keepers": null,
            "result": [
              "us-west-1e",
              "us-west-1a"
            ],
            "result_count": 2,
            "seed": null
          },
          "sensitive_attributes": []
        }
      ]
    }
  ],
  "check_results": null
}
