{
  "version": 4,
  "terraform_version": "1.9.5",
  "serial": 7,
  "lineage": "95a7adf8-1773-c26a-c7e6-3b656b1cc0cb",
  "outputs": {},
  "resources": [
    {
      "mode": "managed",
      "type": "local_file",
      "name": "hello_world",
      "provider": "provider[\"registry.terraform.io/hashicorp/local\"]",
      "instances": [
        {
          "schema_version": 0,
          "attributes": {
            "content": "Hello world from variable",
            "content_base64": null,
            "content_base64sha256": "vtwQ0nn0mD0bufQ0m4IZHMqUPbd+Js9IP2ng8wV7i00=",
            "content_base64sha512": "zNP7yNEn3MSFOkSJvv1O6ydAgRNHjXQnyZzspw22E3x8z8OeUe1d4ac4ncIP3FZeLe3z0mReCF4X1PQQcVexxg==",
            "content_md5": "31b6656ba9d2bb24732a6b66a02e9341",
            "content_sha1": "9781d5ee29f98c15f46f9b85d14b30ee0b9fb88e",
            "content_sha256": "bedc10d279f4983d1bb9f4349b82191cca943db77e26cf483f69e0f3057b8b4d",
            "content_sha512": "ccd3fbc8d127dcc4853a4489befd4eeb27408113478d7427c99ceca70db6137c7ccfc39e51ed5de1a7389dc20fdc565e2dedf3d2645e085e17d4f4107157b1c6",
            "directory_permission": "0777",
            "file_permission": "0777",
            "filename": "sample.txt",
            "id": "9781d5ee29f98c15f46f9b85d14b30ee0b9fb88e",
            "sensitive_content": null,
            "source": null
          },
          "sensitive_attributes": [
            [
              {
                "type": "get_attr",
                "value": "sensitive_content"
              }
            ]
          ]
        }
      ]
    }
  ],
  "check_results": null
}
