{
  "version": 4,
  "terraform_version": "1.9.5",
  "serial": 4,
  "lineage": "ca364061-beb8-b73d-e3d4-2513b35de173",
  "outputs": {
    "name1": {
      "value": "5D6=35h",
      "type": "string"
    }
  },
  "resources": [
    {
      "mode": "managed",
      "type": "local_file",
      "name": "dependency",
      "provider": "provider[\"registry.terraform.io/hashicorp/local\"]",
      "instances": [
        {
          "schema_version": 0,
          "attributes": {
            "content": "random string from another provider: 5D6=35h",
            "content_base64": null,
            "content_base64sha256": "+ATIKc3Mzv2MVKx5CxtpGpMZgfsz/YtQ1jVf/9weajo=",
            "content_base64sha512": "u/NYV1b9bk79CstBvs2Vja3Ndr/3/XES8NY2f9g+BHmxgInhoTGLsw2rgomob5GPJeRJzUGeZvIAmymH4jskhQ==",
            "content_md5": "4d69323621b3f51bd7cb372c9920f5bd",
            "content_sha1": "d6299de3406e849854d418b8dc853e1cf76afadf",
            "content_sha256": "f804c829cdcccefd8c54ac790b1b691a931981fb33fd8b50d6355fffdc1e6a3a",
            "content_sha512": "bbf3585756fd6e4efd0acb41becd958dadcd76bff7fd7112f0d6367fd83e0479b18089e1a1318bb30dab8289a86f918f25e449cd419e66f2009b2987e23b2485",
            "directory_permission": "0777",
            "file_permission": "0777",
            "filename": "dependency.txt",
            "id": "d6299de3406e849854d418b8dc853e1cf76afadf",
            "sensitive_content": null,
            "source": null
          },
          "sensitive_attributes": [
            [
              {
                "type": "get_attr",
                "value": "sensitive_content"
              }
            ]
          ],
          "dependencies": [
            "random_string.name"
          ]
        }
      ]
    },
    {
      "mode": "managed",
      "type": "random_string",
      "name": "name",
      "provider": "provider[\"registry.terraform.io/hashicorp/random\"]",
      "instances": [
        {
          "schema_version": 2,
          "attributes": {
            "id": "5D6=35h",
            "keepers": null,
            "length": 7,
            "lower": true,
            "min_lower": 0,
            "min_numeric": 0,
            "min_special": 0,
            "min_upper": 0,
            "number": true,
            "numeric": true,
            "override_special": null,
            "result": "5D6=35h",
            "special": true,
            "upper": true
          },
          "sensitive_attributes": []
        }
      ]
    }
  ],
  "check_results": null
}
